
Microsoft Visual Studio Solution File, Format Version 12.00
# Visual Studio Version 16
VisualStudioVersion = 16.0.28922.388
MinimumVisualStudioVersion = 10.0.40219.1
Project("{9A19103F-16F7-4668-BE54-9A1E7A4F7556}") = "Bot.Instrumentation.V4", "Bot.Instrumentation.V4\Bot.Instrumentation.V4.csproj", "{0FA87BF1-9A3D-472C-AB42-89B1C83880D6}"
EndProject
Project("{9A19103F-16F7-4668-BE54-9A1E7A4F7556}") = "Bot.Instrumentation.V4.Tests", "Bot.Instrumentation.V4.Tests\Bot.Instrumentation.V4.Tests.csproj", "{83FC5DEA-F123-4A74-851A-AFFEFE92F33B}"
EndProject
Project("{9A19103F-16F7-4668-BE54-9A1E7A4F7556}") = "Bot.Instrumentation.Common.Tests", "Bot.Instrumentation.Common.Tests\Bot.Instrumentation.Common.Tests.csproj", "{9F955D34-AC01-4D4D-8A71-8CBBBB3D4985}"
EndProject
Project("{9A19103F-16F7-4668-BE54-9A1E7A4F7556}") = "Bot.Instrumentation.Common", "Bot.Instrumentation.Common\Bot.Instrumentation.Common.csproj", "{979C7005-7740-429A-9277-53AC3223CE10}"
EndProject
Global
	GlobalSection(SolutionConfigurationPlatforms) = preSolution
		Debug|Any CPU = Debug|Any CPU
		Release|Any CPU = Release|Any CPU
	EndGlobalSection
	GlobalSection(ProjectConfigurationPlatforms) = postSolution
		{0FA87BF1-9A3D-472C-AB42-89B1C83880D6}.Debug|Any CPU.ActiveCfg = Debug|Any CPU
		{0FA87BF1-9A3D-472C-AB42-89B1C83880D6}.Debug|Any CPU.Build.0 = Debug|Any CPU
		{0FA87BF1-9A3D-472C-AB42-89B1C83880D6}.Release|Any CPU.ActiveCfg = Release|Any CPU
		{0FA87BF1-9A3D-472C-AB42-89B1C83880D6}.Release|Any CPU.Build.0 = Release|Any CPU
		{83FC5DEA-F123-4A74-851A-AFFEFE92F33B}.Debug|Any CPU.ActiveCfg = Debug|Any CPU
		{83FC5DEA-F123-4A74-851A-AFFEFE92F33B}.Debug|Any CPU.Build.0 = Debug|Any CPU
		{83FC5DEA-F123-4A74-851A-AFFEFE92F33B}.Release|Any CPU.ActiveCfg = Release|Any CPU
		{83FC5DEA-F123-4A74-851A-AFFEFE92F33B}.Release|Any CPU.Build.0 = Release|Any CPU
		{9F955D34-AC01-4D4D-8A71-8CBBBB3D4985}.Debug|Any CPU.ActiveCfg = Debug|Any CPU
		{9F955D34-AC01-4D4D-8A71-8CBBBB3D4985}.Debug|Any CPU.Build.0 = Debug|Any CPU
		{9F955D34-AC01-4D4D-8A71-8CBBBB3D4985}.Release|Any CPU.ActiveCfg = Release|Any CPU
		{9F955D34-AC01-4D4D-8A71-8CBBBB3D4985}.Release|Any CPU.Build.0 = Release|Any CPU
		{979C7005-7740-429A-9277-53AC3223CE10}.Debug|Any CPU.ActiveCfg = Debug|Any CPU
		{979C7005-7740-429A-9277-53AC3223CE10}.Debug|Any CPU.Build.0 = Debug|Any CPU
		{979C7005-7740-429A-9277-53AC3223CE10}.Release|Any CPU.ActiveCfg = Release|Any CPU
		{979C7005-7740-429A-9277-53AC3223CE10}.Release|Any CPU.Build.0 = Release|Any CPU
	EndGlobalSection
	GlobalSection(SolutionProperties) = preSolution
		HideSolutionNode = FALSE
	EndGlobalSection
	GlobalSection(ExtensibilityGlobals) = postSolution
		SolutionGuid = {8E7A33F8-2458-4D8C-9792-E98C8162D2C6}
	EndGlobalSection
EndGlobal
