
Microsoft Visual Studio Solution File, Format Version 12.00
# Visual Studio 15
VisualStudioVersion = 15.0.28307.438
MinimumVisualStudioVersion = 10.0.40219.1
Project("{2150E333-8FDC-42A3-9474-1A3956D46DE8}") = "Common", "Common", "{BA4B316C-CDC7-4A98-B0BD-9B3EF540429E}"
EndProject
Project("{2150E333-8FDC-42A3-9474-1A3956D46DE8}") = "V4", "V4", "{E551E6A4-3183-462A-9036-46AFBC8A77E8}"
EndProject
Project("{2150E333-8FDC-42A3-9474-1A3956D46DE8}") = "V3", "V3", "{882D00E7-786B-4C55-BF60-976C75505B2F}"
EndProject
Project("{9A19103F-16F7-4668-BE54-9A1E7A4F7556}") = "Bot.Ibex.Instrumentation.V4", "V4\Bot.Ibex.Instrumentation\Bot.Ibex.Instrumentation.V4.csproj", "{91C6BDEF-BE56-4F95-8032-03241C9723A5}"
EndProject
Project("{9A19103F-16F7-4668-BE54-9A1E7A4F7556}") = "Bot.Ibex.Instrumentation.V4.Tests", "V4\Bot.Ibex.Instrumentation.Tests\Bot.Ibex.Instrumentation.V4.Tests.csproj", "{3F8232C4-A7B8-4D9C-A1AD-BE9631B65CE8}"
EndProject
Project("{9A19103F-16F7-4668-BE54-9A1E7A4F7556}") = "Objectivity.Bot.Ibex.Instrumentation.Common", "Common\Objectivity.Bot.Ibex.Instrumentation.Common\Objectivity.Bot.Ibex.Instrumentation.Common.csproj", "{CB241EAD-EB1F-4869-B195-372F0F713EC1}"
EndProject
Project("{9A19103F-16F7-4668-BE54-9A1E7A4F7556}") = "Bot.Ibex.Instrumentation.V3", "V3\Bot.Ibex.Instrumentation\Bot.Ibex.Instrumentation.V3.csproj", "{FC25C664-DC28-4C7B-9820-01B419593F47}"
EndProject
Project("{FAE04EC0-301F-11D3-BF4B-00C04F79EFBC}") = "Bot.Ibex.Instrumentation.V3.Tests", "V3\Bot.Ibex.Instrumentation.Tests\Bot.Ibex.Instrumentation.V3.Tests.csproj", "{27CF6FA4-CA2D-4F3E-BE48-168BC53B566B}"
EndProject
Project("{FAE04EC0-301F-11D3-BF4B-00C04F79EFBC}") = "Objectivity.Bot.Ibex.Instrumentation.Common.Tests", "Common\Objectivity.Bot.Ibex.Instrumentation.Common.Tests\Objectivity.Bot.Ibex.Instrumentation.Common.Tests.csproj", "{5EBF0AF5-8CEE-4682-B4E1-E5CB91ED983B}"
EndProject
Global
	GlobalSection(SolutionConfigurationPlatforms) = preSolution
		Debug|Any CPU = Debug|Any CPU
		Release|Any CPU = Release|Any CPU
	EndGlobalSection
	GlobalSection(ProjectConfigurationPlatforms) = postSolution
		{91C6BDEF-BE56-4F95-8032-03241C9723A5}.Debug|Any CPU.ActiveCfg = Debug|Any CPU
		{91C6BDEF-BE56-4F95-8032-03241C9723A5}.Debug|Any CPU.Build.0 = Debug|Any CPU
		{91C6BDEF-BE56-4F95-8032-03241C9723A5}.Release|Any CPU.ActiveCfg = Release|Any CPU
		{91C6BDEF-BE56-4F95-8032-03241C9723A5}.Release|Any CPU.Build.0 = Release|Any CPU
		{3F8232C4-A7B8-4D9C-A1AD-BE9631B65CE8}.Debug|Any CPU.ActiveCfg = Debug|Any CPU
		{3F8232C4-A7B8-4D9C-A1AD-BE9631B65CE8}.Debug|Any CPU.Build.0 = Debug|Any CPU
		{3F8232C4-A7B8-4D9C-A1AD-BE9631B65CE8}.Release|Any CPU.ActiveCfg = Release|Any CPU
		{3F8232C4-A7B8-4D9C-A1AD-BE9631B65CE8}.Release|Any CPU.Build.0 = Release|Any CPU
		{CB241EAD-EB1F-4869-B195-372F0F713EC1}.Debug|Any CPU.ActiveCfg = Debug|Any CPU
		{CB241EAD-EB1F-4869-B195-372F0F713EC1}.Debug|Any CPU.Build.0 = Debug|Any CPU
		{CB241EAD-EB1F-4869-B195-372F0F713EC1}.Release|Any CPU.ActiveCfg = Release|Any CPU
		{CB241EAD-EB1F-4869-B195-372F0F713EC1}.Release|Any CPU.Build.0 = Release|Any CPU
		{FC25C664-DC28-4C7B-9820-01B419593F47}.Debug|Any CPU.ActiveCfg = Debug|Any CPU
		{FC25C664-DC28-4C7B-9820-01B419593F47}.Debug|Any CPU.Build.0 = Debug|Any CPU
		{FC25C664-DC28-4C7B-9820-01B419593F47}.Release|Any CPU.ActiveCfg = Release|Any CPU
		{FC25C664-DC28-4C7B-9820-01B419593F47}.Release|Any CPU.Build.0 = Release|Any CPU
		{27CF6FA4-CA2D-4F3E-BE48-168BC53B566B}.Debug|Any CPU.ActiveCfg = Debug|Any CPU
		{27CF6FA4-CA2D-4F3E-BE48-168BC53B566B}.Debug|Any CPU.Build.0 = Debug|Any CPU
		{27CF6FA4-CA2D-4F3E-BE48-168BC53B566B}.Release|Any CPU.ActiveCfg = Release|Any CPU
		{27CF6FA4-CA2D-4F3E-BE48-168BC53B566B}.Release|Any CPU.Build.0 = Release|Any CPU
		{5EBF0AF5-8CEE-4682-B4E1-E5CB91ED983B}.Debug|Any CPU.ActiveCfg = Debug|Any CPU
		{5EBF0AF5-8CEE-4682-B4E1-E5CB91ED983B}.Debug|Any CPU.Build.0 = Debug|Any CPU
		{5EBF0AF5-8CEE-4682-B4E1-E5CB91ED983B}.Release|Any CPU.ActiveCfg = Release|Any CPU
		{5EBF0AF5-8CEE-4682-B4E1-E5CB91ED983B}.Release|Any CPU.Build.0 = Release|Any CPU
	EndGlobalSection
	GlobalSection(SolutionProperties) = preSolution
		HideSolutionNode = FALSE
	EndGlobalSection
	GlobalSection(NestedProjects) = preSolution
		{91C6BDEF-BE56-4F95-8032-03241C9723A5} = {E551E6A4-3183-462A-9036-46AFBC8A77E8}
		{3F8232C4-A7B8-4D9C-A1AD-BE9631B65CE8} = {E551E6A4-3183-462A-9036-46AFBC8A77E8}
		{CB241EAD-EB1F-4869-B195-372F0F713EC1} = {BA4B316C-CDC7-4A98-B0BD-9B3EF540429E}
		{FC25C664-DC28-4C7B-9820-01B419593F47} = {882D00E7-786B-4C55-BF60-976C75505B2F}
		{27CF6FA4-CA2D-4F3E-BE48-168BC53B566B} = {882D00E7-786B-4C55-BF60-976C75505B2F}
		{5EBF0AF5-8CEE-4682-B4E1-E5CB91ED983B} = {BA4B316C-CDC7-4A98-B0BD-9B3EF540429E}
	EndGlobalSection
	GlobalSection(ExtensibilityGlobals) = postSolution
		SolutionGuid = {0AE942EC-8D4E-4E2C-BE33-B70D3EAC45ED}
	EndGlobalSection
EndGlobal
